
Microsoft Visual Studio Solution File, Format Version 12.00
# Visual Studio 15
VisualStudioVersion = 15.0.26730.16
MinimumVisualStudioVersion = 10.0.40219.1
Project("{FAE04EC0-301F-11D3-BF4B-00C04F79EFBC}") = "WebRTC_Internship", "WebRTC_Internship\WebRTC_Internship.csproj", "{574D5B32-D8A5-4C02-AE5D-AB1C6ED90CA9}"
EndProject
Global
	GlobalSection(SolutionConfigurationPlatforms) = preSolution
		Debug|Any CPU = Debug|Any CPU
		Release|Any CPU = Release|Any CPU
	EndGlobalSection
	GlobalSection(ProjectConfigurationPlatforms) = postSolution
		{574D5B32-D8A5-4C02-AE5D-AB1C6ED90CA9}.Debug|Any CPU.ActiveCfg = Debug|Any CPU
		{574D5B32-D8A5-4C02-AE5D-AB1C6ED90CA9}.Debug|Any CPU.Build.0 = Debug|Any CPU
		{574D5B32-D8A5-4C02-AE5D-AB1C6ED90CA9}.Release|Any CPU.ActiveCfg = Release|Any CPU
		{574D5B32-D8A5-4C02-AE5D-AB1C6ED90CA9}.Release|Any CPU.Build.0 = Release|Any CPU
	EndGlobalSection
	GlobalSection(SolutionProperties) = preSolution
		HideSolutionNode = FALSE
	EndGlobalSection
	GlobalSection(ExtensibilityGlobals) = postSolution
		SolutionGuid = {64167C3A-F2F0-4BAB-84FE-1AB7D98E01EB}
	EndGlobalSection
EndGlobal
